
Microsoft Visual Studio Solution File, Format Version 12.00
# Visual Studio Version 16
VisualStudioVersion = 16.0.30717.126
MinimumVisualStudioVersion = 10.0.40219.1
Project("{9A19103F-16F7-4668-BE54-9A1E7A4F7556}") = "musicAPI", "testingAPIMouritsLyrics\musicAPI.csproj", "{36C12A73-C151-43A5-B022-B03B9F5BA9CA}"
EndProject
Project("{9A19103F-16F7-4668-BE54-9A1E7A4F7556}") = "RAX_Utilities", "..\RAX_Utilities\RAX_Utilities\RAX_Utilities.csproj", "{C5164458-E5E3-4612-B985-2C1941B48A85}"
EndProject
Project("{FAE04EC0-301F-11D3-BF4B-00C04F79EFBC}") = "Spotify_API-DB-EF", "Spotify_API-DB-EF\Spotify_API-DB-EF.csproj", "{7BA65D1D-CA62-4254-8475-A915ADBC1019}"
EndProject
Global
	GlobalSection(SolutionConfigurationPlatforms) = preSolution
		Debug|Any CPU = Debug|Any CPU
		Release|Any CPU = Release|Any CPU
	EndGlobalSection
	GlobalSection(ProjectConfigurationPlatforms) = postSolution
		{36C12A73-C151-43A5-B022-B03B9F5BA9CA}.Debug|Any CPU.ActiveCfg = Debug|Any CPU
		{36C12A73-C151-43A5-B022-B03B9F5BA9CA}.Debug|Any CPU.Build.0 = Debug|Any CPU
		{36C12A73-C151-43A5-B022-B03B9F5BA9CA}.Release|Any CPU.ActiveCfg = Release|Any CPU
		{36C12A73-C151-43A5-B022-B03B9F5BA9CA}.Release|Any CPU.Build.0 = Release|Any CPU
		{C5164458-E5E3-4612-B985-2C1941B48A85}.Debug|Any CPU.ActiveCfg = Debug|Any CPU
		{C5164458-E5E3-4612-B985-2C1941B48A85}.Debug|Any CPU.Build.0 = Debug|Any CPU
		{C5164458-E5E3-4612-B985-2C1941B48A85}.Release|Any CPU.ActiveCfg = Release|Any CPU
		{C5164458-E5E3-4612-B985-2C1941B48A85}.Release|Any CPU.Build.0 = Release|Any CPU
		{7BA65D1D-CA62-4254-8475-A915ADBC1019}.Debug|Any CPU.ActiveCfg = Debug|Any CPU
		{7BA65D1D-CA62-4254-8475-A915ADBC1019}.Debug|Any CPU.Build.0 = Debug|Any CPU
		{7BA65D1D-CA62-4254-8475-A915ADBC1019}.Release|Any CPU.ActiveCfg = Release|Any CPU
		{7BA65D1D-CA62-4254-8475-A915ADBC1019}.Release|Any CPU.Build.0 = Release|Any CPU
	EndGlobalSection
	GlobalSection(SolutionProperties) = preSolution
		HideSolutionNode = FALSE
	EndGlobalSection
	GlobalSection(ExtensibilityGlobals) = postSolution
		SolutionGuid = {4DBDB71A-8650-4435-BFCB-142B41FDF37F}
	EndGlobalSection
EndGlobal
